<?xml version="1.0" encoding="utf-8"?>
<Project ToolsVersion="4.0" xmlns="http://schemas.microsoft.com/developer/msbuild/2003">
  <ItemGroup>
    <ClCompile Include="pch.cpp" />
    <ClCompile Include="src\imgui\imgui_demo.cpp">
      <Filter>imgui</Filter>
    </ClCompile>
    <ClCompile Include="src\imgui\imgui_draw.cpp">
      <Filter>imgui</Filter>
    </ClCompile>
    <ClCompile Include="src\imgui\imgui_impl_win32.cpp">
      <Filter>imgui</Filter>
    </ClCompile>
    <ClCompile Include="src\imgui\imgui_widgets.cpp">
      <Filter>imgui</Filter>
    </ClCompile>
    <ClCompile Include="src\imgui\imgui.cpp">
      <Filter>imgui</Filter>
    </ClCompile>
    <ClCompile Include="src\Light.cpp">
      <Filter>00</Filter>
    </ClCompile>
    <ClCompile Include="src\LinearAllocator.cpp">
      <Filter>00</Filter>
    </ClCompile>
    <ClCompile Include="src\MathLib.cpp">
      <Filter>00</Filter>
    </ClCompile>
    <ClCompile Include="src\MeshData.cpp">
      <Filter>00</Filter>
    </ClCompile>
    <ClCompile Include="src\Model.cpp">
      <Filter>00</Filter>
    </ClCompile>
    <ClCompile Include="src\MotionBlur.cpp">
      <Filter>00</Filter>
    </ClCompile>
    <ClCompile Include="src\ObjLoader.cpp">
      <Filter>00</Filter>
    </ClCompile>
    <ClCompile Include="src\PipelineState.cpp">
      <Filter>00</Filter>
    </ClCompile>
    <ClCompile Include="src\PixelBuffer.cpp">
      <Filter>00</Filter>
    </ClCompile>
    <ClCompile Include="src\PostProcessing.cpp">
      <Filter>00</Filter>
    </ClCompile>
    <ClCompile Include="src\Renderer.cpp">
      <Filter>00</Filter>
    </ClCompile>
    <ClCompile Include="src\RenderWindow.cpp">
      <Filter>00</Filter>
    </ClCompile>
    <ClCompile Include="src\RootSignature.cpp">
      <Filter>00</Filter>
    </ClCompile>
    <ClCompile Include="src\Scene.cpp">
      <Filter>00</Filter>
    </ClCompile>
    <ClCompile Include="src\ScreenSpaceSubsurface.cpp">
      <Filter>00</Filter>
    </ClCompile>
    <ClCompile Include="src\ShadowBuffer.cpp">
      <Filter>00</Filter>
    </ClCompile>
    <ClCompile Include="src\TemporalEffects.cpp">
      <Filter>00</Filter>
    </ClCompile>
    <ClCompile Include="src\Texture.cpp">
      <Filter>00</Filter>
    </ClCompile>
    <ClCompile Include="src\Timer.cpp">
      <Filter>00</Filter>
    </ClCompile>
    <ClCompile Include="src\UserMarkers.cpp">
      <Filter>00</Filter>
    </ClCompile>
    <ClCompile Include="src\WindowWin32.cpp">
      <Filter>00</Filter>
    </ClCompile>
    <ClCompile Include="src\ApplicationWin32.cpp">
      <Filter>00</Filter>
    </ClCompile>
    <ClCompile Include="src\BufferManager.cpp">
      <Filter>00</Filter>
    </ClCompile>
    <ClCompile Include="src\Camera.cpp">
      <Filter>00</Filter>
    </ClCompile>
    <ClCompile Include="src\ColorBuffer.cpp">
      <Filter>00</Filter>
    </ClCompile>
    <ClCompile Include="src\CommandContext.cpp">
      <Filter>00</Filter>
    </ClCompile>
    <ClCompile Include="src\CommandListManager.cpp">
      <Filter>00</Filter>
    </ClCompile>
    <ClCompile Include="src\CommandQueue.cpp">
      <Filter>00</Filter>
    </ClCompile>
    <ClCompile Include="src\Common.cpp">
      <Filter>00</Filter>
    </ClCompile>
    <ClCompile Include="src\CubeBuffer.cpp">
      <Filter>00</Filter>
    </ClCompile>
    <ClCompile Include="src\D3D12RHI.cpp">
      <Filter>00</Filter>
    </ClCompile>
    <ClCompile Include="src\DepthBuffer.cpp">
      <Filter>00</Filter>
    </ClCompile>
    <ClCompile Include="src\DepthOfField.cpp">
      <Filter>00</Filter>
    </ClCompile>
    <ClCompile Include="src\DescriptorAllocator.cpp">
      <Filter>00</Filter>
    </ClCompile>
    <ClCompile Include="src\DynamicDescriptorHeap.cpp">
      <Filter>00</Filter>
    </ClCompile>
    <ClCompile Include="src\Game.cpp">
      <Filter>00</Filter>
    </ClCompile>
    <ClCompile Include="src\GameInput.cpp">
      <Filter>00</Filter>
    </ClCompile>
    <ClCompile Include="src\GenerateMips.cpp">
      <Filter>00</Filter>
    </ClCompile>
    <ClCompile Include="src\Geometry.cpp">
      <Filter>00</Filter>
    </ClCompile>
    <ClCompile Include="src\GLTFLoader.cpp">
      <Filter>00</Filter>
    </ClCompile>
    <ClCompile Include="src\GpuBuffer.cpp">
      <Filter>00</Filter>
    </ClCompile>
    <ClCompile Include="src\ImguiManager.cpp">
      <Filter>00</Filter>
    </ClCompile>
    <ClCompile Include="DirectX12Lib.cpp" />
    <ClCompile Include="src\imgui\imgui_tables.cpp">
      <Filter>imgui</Filter>
    </ClCompile>
    <ClCompile Include="src\Color.cpp">
      <Filter>00</Filter>
    </ClCompile>
    <ClCompile Include="src\pch.cpp">
      <Filter>00</Filter>
    </ClCompile>
  </ItemGroup>
  <ItemGroup>
    <ClInclude Include="pch.h" />
    <ClInclude Include="include\imgui\imgui_impl_win32.h">
      <Filter>imgui</Filter>
    </ClInclude>
    <ClInclude Include="include\imgui\imgui_internal.h">
      <Filter>imgui</Filter>
    </ClInclude>
    <ClInclude Include="include\imgui\imstb_rectpack.h">
      <Filter>imgui</Filter>
    </ClInclude>
    <ClInclude Include="include\imgui\imstb_textedit.h">
      <Filter>imgui</Filter>
    </ClInclude>
    <ClInclude Include="include\imgui\imstb_truetype.h">
      <Filter>imgui</Filter>
    </ClInclude>
    <ClInclude Include="include\imgui\imconfig.h">
      <Filter>imgui</Filter>
    </ClInclude>
    <ClInclude Include="include\imgui\imgui.h">
      <Filter>imgui</Filter>
    </ClInclude>
    <ClInclude Include="include\CommandQueue.h">
      <Filter>00</Filter>
    </ClInclude>
    <ClInclude Include="include\Common.h">
      <Filter>00</Filter>
    </ClInclude>
    <ClInclude Include="include\CubeBuffer.h">
      <Filter>00</Filter>
    </ClInclude>
    <ClInclude Include="include\D3D12Resource.h">
      <Filter>00</Filter>
    </ClInclude>
    <ClInclude Include="include\D3D12RHI.h">
      <Filter>00</Filter>
    </ClInclude>
    <ClInclude Include="include\d3dx12.h">
      <Filter>00</Filter>
    </ClInclude>
    <ClInclude Include="include\DepthBuffer.h">
      <Filter>00</Filter>
    </ClInclude>
    <ClInclude Include="include\DepthOfField.h">
      <Filter>00</Filter>
    </ClInclude>
    <ClInclude Include="include\DescriptorAllocator.h">
      <Filter>00</Filter>
    </ClInclude>
    <ClInclude Include="include\DynamicDescriptorHeap.h">
      <Filter>00</Filter>
    </ClInclude>
    <ClInclude Include="include\Game.h">
      <Filter>00</Filter>
    </ClInclude>
    <ClInclude Include="include\GameInput.h">
      <Filter>00</Filter>
    </ClInclude>
    <ClInclude Include="include\GenerateMips.h">
      <Filter>00</Filter>
    </ClInclude>
    <ClInclude Include="include\Geometry.h">
      <Filter>00</Filter>
    </ClInclude>
    <ClInclude Include="include\GLTFLoader.h">
      <Filter>00</Filter>
    </ClInclude>
    <ClInclude Include="include\GpuBuffer.h">
      <Filter>00</Filter>
    </ClInclude>
    <ClInclude Include="include\ImguiManager.h">
      <Filter>00</Filter>
    </ClInclude>
    <ClInclude Include="include\Light.h">
      <Filter>00</Filter>
    </ClInclude>
    <ClInclude Include="include\LinearAllocator.h">
      <Filter>00</Filter>
    </ClInclude>
    <ClInclude Include="include\MathLib.h">
      <Filter>00</Filter>
    </ClInclude>
    <ClInclude Include="include\MeshData.h">
      <Filter>00</Filter>
    </ClInclude>
    <ClInclude Include="include\Model.h">
      <Filter>00</Filter>
    </ClInclude>
    <ClInclude Include="include\MotionBlur.h">
      <Filter>00</Filter>
    </ClInclude>
    <ClInclude Include="include\ObjLoader.h">
      <Filter>00</Filter>
    </ClInclude>
    <ClInclude Include="include\PipelineState.h">
      <Filter>00</Filter>
    </ClInclude>
    <ClInclude Include="include\PixelBuffer.h">
      <Filter>00</Filter>
    </ClInclude>
    <ClInclude Include="include\PostProcessing.h">
      <Filter>00</Filter>
    </ClInclude>
    <ClInclude Include="include\Renderer.h">
      <Filter>00</Filter>
    </ClInclude>
    <ClInclude Include="include\RenderWindow.h">
      <Filter>00</Filter>
    </ClInclude>
    <ClInclude Include="include\RootSignature.h">
      <Filter>00</Filter>
    </ClInclude>
    <ClInclude Include="include\SamplerManager.h">
      <Filter>00</Filter>
    </ClInclude>
    <ClInclude Include="include\Scene.h">
      <Filter>00</Filter>
    </ClInclude>
    <ClInclude Include="include\ScreenSpaceSubsurface.h">
      <Filter>00</Filter>
    </ClInclude>
    <ClInclude Include="include\ShadowBuffer.h">
      <Filter>00</Filter>
    </ClInclude>
    <ClInclude Include="include\TemporalEffects.h">
      <Filter>00</Filter>
    </ClInclude>
    <ClInclude Include="include\Texture.h">
      <Filter>00</Filter>
    </ClInclude>
    <ClInclude Include="include\Timer.h">
      <Filter>00</Filter>
    </ClInclude>
    <ClInclude Include="include\UserMarkers.h">
      <Filter>00</Filter>
    </ClInclude>
    <ClInclude Include="include\WindowWin32.h">
      <Filter>00</Filter>
    </ClInclude>
    <ClInclude Include="include\ApplicationWin32.h">
      <Filter>00</Filter>
    </ClInclude>
    <ClInclude Include="include\BufferManager.h">
      <Filter>00</Filter>
    </ClInclude>
    <ClInclude Include="include\Camera.h">
      <Filter>00</Filter>
    </ClInclude>
    <ClInclude Include="include\ColorBuffer.h">
      <Filter>00</Filter>
    </ClInclude>
    <ClInclude Include="include\CommandContext.h">
      <Filter>00</Filter>
    </ClInclude>
    <ClInclude Include="include\CommandListManager.h">
      <Filter>00</Filter>
    </ClInclude>
    <ClInclude Include="include\Color.h">
      <Filter>00</Filter>
    </ClInclude>
    <ClInclude Include="src\pch.h">
      <Filter>00</Filter>
    </ClInclude>
  </ItemGroup>
  <ItemGroup>
    <Filter Include="shader">
      <UniqueIdentifier>{347bfeaa-4d81-43d2-af68-065cf31f8eaa}</UniqueIdentifier>
    </Filter>
    <Filter Include="imgui">
      <UniqueIdentifier>{7fca964e-99a4-49a4-806c-7b4863f748e6}</UniqueIdentifier>
    </Filter>
    <Filter Include="00">
      <UniqueIdentifier>{424da718-8dc9-4c29-8185-b32a27d2fde1}</UniqueIdentifier>
    </Filter>
  </ItemGroup>
  <ItemGroup>
    <None Include="Shaders\PixelPacking_Velocity.hlsli">
      <Filter>shader</Filter>
    </None>
    <None Include="Shaders\triangle.frag">
      <Filter>shader</Filter>
    </None>
    <None Include="Shaders\triangle.vert">
      <Filter>shader</Filter>
    </None>
    <None Include="Shaders\AtmosphericScatteringCommon.hlsl">
      <Filter>shader</Filter>
    </None>
    <None Include="Shaders\AtmosphericScatteringCS.hlsl">
      <Filter>shader</Filter>
    </None>
    <None Include="Shaders\AtmosphericScatteringPS.hlsl">
      <Filter>shader</Filter>
    </None>
    <None Include="Shaders\BlurCS.hlsl">
      <Filter>shader</Filter>
    </None>
    <None Include="Shaders\BlurHorizontalCS.hlsl">
      <Filter>shader</Filter>
    </None>
    <None Include="Shaders\BlurVerticalCS.hlsl">
      <Filter>shader</Filter>
    </None>
    <None Include="Shaders\CameraVelocityCS.hlsl">
      <Filter>shader</Filter>
    </None>
    <None Include="Shaders\DepthOfField_BokehFilter.hlsl">
      <Filter>shader</Filter>
    </None>
    <None Include="Shaders\DepthOfField_CoC.hlsl">
      <Filter>shader</Filter>
    </None>
    <None Include="Shaders\DepthOfField_Combine.hlsl">
      <Filter>shader</Filter>
    </None>
    <None Include="Shaders\DepthOfField_Postfilter.hlsl">
      <Filter>shader</Filter>
    </None>
    <None Include="Shaders\DepthOfField_Prefilter.hlsl">
      <Filter>shader</Filter>
    </None>
    <None Include="Shaders\DiskKernels.hlsl">
      <Filter>shader</Filter>
    </None>
    <None Include="Shaders\EnvironmentShaders.hlsl">
      <Filter>shader</Filter>
    </None>
    <None Include="Shaders\GenerateMips.hlsl">
      <Filter>shader</Filter>
    </None>
    <None Include="Shaders\HZB.hlsl">
      <Filter>shader</Filter>
    </None>
    <None Include="Shaders\ImGUI.hlsl">
      <Filter>shader</Filter>
    </None>
    <None Include="Shaders\LTC_Floor.hlsl">
      <Filter>shader</Filter>
    </None>
    <None Include="Shaders\LTC_LightPolygon.hlsl">
      <Filter>shader</Filter>
    </None>
    <None Include="Shaders\PBR.hlsl">
      <Filter>shader</Filter>
    </None>
    <None Include="Shaders\PostProcess.hlsl">
      <Filter>shader</Filter>
    </None>
    <None Include="Shaders\PreIntegratedSkinLut.hlsl">
      <Filter>shader</Filter>
    </None>
    <None Include="Shaders\PreIntegratedSkinShading.hlsl">
      <Filter>shader</Filter>
    </None>
    <None Include="Shaders\ResolveTAACS.hlsl">
      <Filter>shader</Filter>
    </None>
    <None Include="Shaders\ScreenSpaceSubsurfaceBlur.hlsl">
      <Filter>shader</Filter>
    </None>
    <None Include="Shaders\ScreenSpaceSubsurfaceCombine.hlsl">
      <Filter>shader</Filter>
    </None>
    <None Include="Shaders\ShaderUtils.hlsl">
      <Filter>shader</Filter>
    </None>
    <None Include="Shaders\Shadow.hlsl">
      <Filter>shader</Filter>
    </None>
    <None Include="Shaders\ShadowPCF.hlsl">
      <Filter>shader</Filter>
    </None>
    <None Include="Shaders\ShadowVSM.hlsl">
      <Filter>shader</Filter>
    </None>
    <None Include="Shaders\simple.hlsl">
      <Filter>shader</Filter>
    </None>
    <None Include="Shaders\SkinPBR.hlsl">
      <Filter>shader</Filter>
    </None>
    <None Include="Shaders\SSR.hlsl">
      <Filter>shader</Filter>
    </None>
    <None Include="Shaders\TempBufferCopy.hlsl">
      <Filter>shader</Filter>
    </None>
    <None Include="Shaders\TemporalBlendCS.hlsl">
      <Filter>shader</Filter>
    </None>
    <None Include="Shaders\triangle.hlsl">
      <Filter>shader</Filter>
    </None>
    <None Include="Shaders\VSMConvertCS.hlsl">
      <Filter>shader</Filter>
    </None>
    <None Include="Shaders\FillLightGridCS.hlsli">
      <Filter>shader</Filter>
    </None>
    <None Include="Shaders\LightGrid.hlsli">
      <Filter>shader</Filter>
    </None>
    <None Include="Shaders\Lighting.hlsli">
      <Filter>shader</Filter>
    </None>
    <None Include="Shaders\Common.hlsli">
      <Filter>shader</Filter>
    </None>
    <None Include="Shaders\CutoutDepthPS.hlsl">
      <Filter>shader</Filter>
    </None>
    <None Include="Shaders\CutoutDepthSkinVS.hlsl">
      <Filter>shader</Filter>
    </None>
    <None Include="Shaders\CutoutDepthVS.hlsl">
      <Filter>shader</Filter>
    </None>
    <None Include="Shaders\DefaultNoTangentNoUV1PS.hlsl">
      <Filter>shader</Filter>
    </None>
    <None Include="Shaders\DefaultNoTangentNoUV1SkinVS.hlsl">
      <Filter>shader</Filter>
    </None>
    <None Include="Shaders\DefaultNoTangentNoUV1VS.hlsl">
      <Filter>shader</Filter>
    </None>
    <None Include="Shaders\DefaultNoTangentPS.hlsl">
      <Filter>shader</Filter>
    </None>
    <None Include="Shaders\DefaultNoTangentSkinVS.hlsl">
      <Filter>shader</Filter>
    </None>
    <None Include="Shaders\DefaultNoTangentVS.hlsl">
      <Filter>shader</Filter>
    </None>
    <None Include="Shaders\DefaultNoUV1PS.hlsl">
      <Filter>shader</Filter>
    </None>
    <None Include="Shaders\DefaultNoUV1SkinVS.hlsl">
      <Filter>shader</Filter>
    </None>
    <None Include="Shaders\DefaultNoUV1VS.hlsl">
      <Filter>shader</Filter>
    </None>
    <None Include="Shaders\DefaultPS.hlsl">
      <Filter>shader</Filter>
    </None>
    <None Include="Shaders\DefaultSkinVS.hlsl">
      <Filter>shader</Filter>
    </None>
    <None Include="Shaders\DefaultVS.hlsl">
      <Filter>shader</Filter>
    </None>
    <None Include="Shaders\DepthOnlySkinVS.hlsl">
      <Filter>shader</Filter>
    </None>
    <None Include="Shaders\DepthOnlyVS.hlsl">
      <Filter>shader</Filter>
    </None>
    <None Include="Shaders\DepthViewerPS.hlsl">
      <Filter>shader</Filter>
    </None>
    <None Include="Shaders\DepthViewerVS.hlsl">
      <Filter>shader</Filter>
    </None>
    <None Include="Shaders\FillLightGridCS_8.hlsl">
      <Filter>shader</Filter>
    </None>
    <None Include="Shaders\FillLightGridCS_16.hlsl">
      <Filter>shader</Filter>
    </None>
    <None Include="Shaders\FillLightGridCS_24.hlsl">
      <Filter>shader</Filter>
    </None>
    <None Include="Shaders\FillLightGridCS_32.hlsl">
      <Filter>shader</Filter>
    </None>
    <None Include="framework.h">
      <Filter>shader</Filter>
    </None>
    <None Include="Shaders\ModelViewerPS.hlsl">
      <Filter>shader</Filter>
    </None>
    <None Include="Shaders\ModelViewerVS.hlsl">
      <Filter>shader</Filter>
    </None>
    <None Include="Shaders\SkyboxPS.hlsl">
      <Filter>shader</Filter>
    </None>
    <None Include="Shaders\SkyboxVS.hlsl">
      <Filter>shader</Filter>
    </None>
  </ItemGroup>
</Project>